// !$*UTF8*$!
{
	archiveVersion = 1;
	classes = {
	};
	objectVersion = 56;
	objects = {

/* Begin PBXBuildFile section */
		DFE15D662B44174600DD82DA /* MoodTrackerApp.swift in Sources */ = {isa = PBXBuildFile; fileRef = DFE15D652B44174600DD82DA /* MoodTrackerApp.swift */; };
		DFE15D682B44174600DD82DA /* ContentView.swift in Sources */ = {isa = PBXBuildFile; fileRef = DFE15D672B44174600DD82DA /* ContentView.swift */; };
		DFE15D6A2B44174800DD82DA /* Assets.xcassets in Resources */ = {isa = PBXBuildFile; fileRef = DFE15D692B44174800DD82DA /* Assets.xcassets */; };
		DFE15D6D2B44174800DD82DA /* Preview Assets.xcassets in Resources */ = {isa = PBXBuildFile; fileRef = DFE15D6C2B44174800DD82DA /* Preview Assets.xcassets */; };
		DFE15D752B44177500DD82DA /* MoodTracker.xcdatamodeld in Sources */ = {isa = PBXBuildFile; fileRef = DFE15D732B44177500DD82DA /* MoodTracker.xcdatamodeld */; };
		DFE15D7A2B4417E400DD82DA /* DataController.swift in Sources */ = {isa = PBXBuildFile; fileRef = DFE15D792B4417E400DD82DA /* DataController.swift */; };
		DFE15D7C2B442FAE00DD82DA /* HistoryView.swift in Sources */ = {isa = PBXBuildFile; fileRef = DFE15D7B2B442FAE00DD82DA /* HistoryView.swift */; };
		DFE15D7E2B44351E00DD82DA /* MainView.swift in Sources */ = {isa = PBXBuildFile; fileRef = DFE15D7D2B44351E00DD82DA /* MainView.swift */; };
		DFE15D822B46A7FD00DD82DA /* HistoryViewModel.swift in Sources */ = {isa = PBXBuildFile; fileRef = DFE15D812B46A7FD00DD82DA /* HistoryViewModel.swift */; };
		DFE15D842B46C47D00DD82DA /* Model.swift in Sources */ = {isa = PBXBuildFile; fileRef = DFE15D832B46C47D00DD82DA /* Model.swift */; };
		DFE15D892B4EBA5700DD82DA /* Structs.swift in Sources */ = {isa = PBXBuildFile; fileRef = DFE15D882B4EBA5700DD82DA /* Structs.swift */; };
/* End PBXBuildFile section */

/* Begin PBXFileReference section */
		DFE15D622B44174600DD82DA /* MoodTracker.app */ = {isa = PBXFileReference; explicitFileType = wrapper.application; includeInIndex = 0; path = MoodTracker.app; sourceTree = BUILT_PRODUCTS_DIR; };
		DFE15D652B44174600DD82DA /* MoodTrackerApp.swift */ = {isa = PBXFileReference; lastKnownFileType = sourcecode.swift; path = MoodTrackerApp.swift; sourceTree = "<group>"; };
		DFE15D672B44174600DD82DA /* ContentView.swift */ = {isa = PBXFileReference; lastKnownFileType = sourcecode.swift; path = ContentView.swift; sourceTree = "<group>"; };
		DFE15D692B44174800DD82DA /* Assets.xcassets */ = {isa = PBXFileReference; lastKnownFileType = folder.assetcatalog; path = Assets.xcassets; sourceTree = "<group>"; };
		DFE15D6C2B44174800DD82DA /* Preview Assets.xcassets */ = {isa = PBXFileReference; lastKnownFileType = folder.assetcatalog; path = "Preview Assets.xcassets"; sourceTree = "<group>"; };
		DFE15D742B44177500DD82DA /* MoodTracker.xcdatamodel */ = {isa = PBXFileReference; lastKnownFileType = wrapper.xcdatamodel; path = MoodTracker.xcdatamodel; sourceTree = "<group>"; };
		DFE15D792B4417E400DD82DA /* DataController.swift */ = {isa = PBXFileReference; lastKnownFileType = sourcecode.swift; path = DataController.swift; sourceTree = "<group>"; };
		DFE15D7B2B442FAE00DD82DA /* HistoryView.swift */ = {isa = PBXFileReference; lastKnownFileType = sourcecode.swift; path = HistoryView.swift; sourceTree = "<group>"; };
		DFE15D7D2B44351E00DD82DA /* MainView.swift */ = {isa = PBXFileReference; lastKnownFileType = sourcecode.swift; path = MainView.swift; sourceTree = "<group>"; };
		DFE15D812B46A7FD00DD82DA /* HistoryViewModel.swift */ = {isa = PBXFileReference; lastKnownFileType = sourcecode.swift; path = HistoryViewModel.swift; sourceTree = "<group>"; };
		DFE15D832B46C47D00DD82DA /* Model.swift */ = {isa = PBXFileReference; lastKnownFileType = sourcecode.swift; path = Model.swift; sourceTree = "<group>"; };
		DFE15D882B4EBA5700DD82DA /* Structs.swift */ = {isa = PBXFileReference; lastKnownFileType = sourcecode.swift; path = Structs.swift; sourceTree = "<group>"; };
/* End PBXFileReference section */

/* Begin PBXFrameworksBuildPhase section */
		DFE15D5F2B44174600DD82DA /* Frameworks */ = {
			isa = PBXFrameworksBuildPhase;
			buildActionMask = 2147483647;
			files = (
			);
			runOnlyForDeploymentPostprocessing = 0;
		};
/* End PBXFrameworksBuildPhase section */

/* Begin PBXGroup section */
		DFE15D592B44174600DD82DA = {
			isa = PBXGroup;
			children = (
				DFE15D642B44174600DD82DA /* MoodTracker */,
				DFE15D632B44174600DD82DA /* Products */,
			);
			sourceTree = "<group>";
		};
		DFE15D632B44174600DD82DA /* Products */ = {
			isa = PBXGroup;
			children = (
				DFE15D622B44174600DD82DA /* MoodTracker.app */,
			);
			name = Products;
			sourceTree = "<group>";
		};
		DFE15D642B44174600DD82DA /* MoodTracker */ = {
			isa = PBXGroup;
			children = (
				DFE15D652B44174600DD82DA /* MoodTrackerApp.swift */,
				DFE15D832B46C47D00DD82DA /* Model.swift */,
				DFE15D802B46A7D400DD82DA /* UI */,
				DFE15D7F2B46A7C600DD82DA /* ViewModel */,
				DFE15D872B4EBA3000DD82DA /* Structs */,
				DFE15D8A2B4EBC4100DD82DA /* DataController */,
				DFE15D732B44177500DD82DA /* MoodTracker.xcdatamodeld */,
				DFE15D692B44174800DD82DA /* Assets.xcassets */,
				DFE15D6B2B44174800DD82DA /* Preview Content */,
			);
			path = MoodTracker;
			sourceTree = "<group>";
		};
		DFE15D6B2B44174800DD82DA /* Preview Content */ = {
			isa = PBXGroup;
			children = (
				DFE15D6C2B44174800DD82DA /* Preview Assets.xcassets */,
			);
			path = "Preview Content";
			sourceTree = "<group>";
		};
		DFE15D7F2B46A7C600DD82DA /* ViewModel */ = {
			isa = PBXGroup;
			children = (
				DFE15D812B46A7FD00DD82DA /* HistoryViewModel.swift */,
			);
			path = ViewModel;
			sourceTree = "<group>";
		};
		DFE15D802B46A7D400DD82DA /* UI */ = {
			isa = PBXGroup;
			children = (
				DFE15D7D2B44351E00DD82DA /* MainView.swift */,
				DFE15D672B44174600DD82DA /* ContentView.swift */,
				DFE15D7B2B442FAE00DD82DA /* HistoryView.swift */,
			);
			path = UI;
			sourceTree = "<group>";
		};
		DFE15D872B4EBA3000DD82DA /* Structs */ = {
			isa = PBXGroup;
			children = (
				DFE15D882B4EBA5700DD82DA /* Structs.swift */,
			);
			path = Structs;
			sourceTree = "<group>";
		};
		DFE15D8A2B4EBC4100DD82DA /* DataController */ = {
			isa = PBXGroup;
			children = (
				DFE15D792B4417E400DD82DA /* DataController.swift */,
			);
			path = DataController;
			sourceTree = "<group>";
		};
/* End PBXGroup section */

/* Begin PBXNativeTarget section */
		DFE15D612B44174600DD82DA /* MoodTracker */ = {
			isa = PBXNativeTarget;
			buildConfigurationList = DFE15D702B44174800DD82DA /* Build configuration list for PBXNativeTarget "MoodTracker" */;
			buildPhases = (
				DFE15D5E2B44174600DD82DA /* Sources */,
				DFE15D5F2B44174600DD82DA /* Frameworks */,
				DFE15D602B44174600DD82DA /* Resources */,
			);
			buildRules = (
			);
			dependencies = (
			);
			name = MoodTracker;
			productName = MoodTracker;
			productReference = DFE15D622B44174600DD82DA /* MoodTracker.app */;
			productType = "com.apple.product-type.application";
		};
/* End PBXNativeTarget section */

/* Begin PBXProject section */
		DFE15D5A2B44174600DD82DA /* Project object */ = {
			isa = PBXProject;
			attributes = {
				BuildIndependentTargetsInParallel = 1;
				LastSwiftUpdateCheck = 1500;
				LastUpgradeCheck = 1500;
				TargetAttributes = {
					DFE15D612B44174600DD82DA = {
						CreatedOnToolsVersion = 15.0;
					};
				};
			};
			buildConfigurationList = DFE15D5D2B44174600DD82DA /* Build configuration list for PBXProject "MoodTracker" */;
			compatibilityVersion = "Xcode 14.0";
			developmentRegion = en;
			hasScannedForEncodings = 0;
			knownRegions = (
				en,
				Base,
			);
			mainGroup = DFE15D592B44174600DD82DA;
			productRefGroup = DFE15D632B44174600DD82DA /* Products */;
			projectDirPath = "";
			projectRoot = "";
			targets = (
				DFE15D612B44174600DD82DA /* MoodTracker */,
			);
		};
/* End PBXProject section */

/* Begin PBXResourcesBuildPhase section */
		DFE15D602B44174600DD82DA /* Resources */ = {
			isa = PBXResourcesBuildPhase;
			buildActionMask = 2147483647;
			files = (
				DFE15D6D2B44174800DD82DA /* Preview Assets.xcassets in Resources */,
				DFE15D6A2B44174800DD82DA /* Assets.xcassets in Resources */,
			);
			runOnlyForDeploymentPostprocessing = 0;
		};
/* End PBXResourcesBuildPhase section */

/* Begin PBXSourcesBuildPhase section */
		DFE15D5E2B44174600DD82DA /* Sources */ = {
			isa = PBXSourcesBuildPhase;
			buildActionMask = 2147483647;
			files = (
				DFE15D892B4EBA5700DD82DA /* Structs.swift in Sources */,
				DFE15D752B44177500DD82DA /* MoodTracker.xcdatamodeld in Sources */,
				DFE15D7E2B44351E00DD82DA /* MainView.swift in Sources */,
				DFE15D7A2B4417E400DD82DA /* DataController.swift in Sources */,
				DFE15D7C2B442FAE00DD82DA /* HistoryView.swift in Sources */,
				DFE15D682B44174600DD82DA /* ContentView.swift in Sources */,
				DFE15D662B44174600DD82DA /* MoodTrackerApp.swift in Sources */,
				DFE15D822B46A7FD00DD82DA /* HistoryViewModel.swift in Sources */,
				DFE15D842B46C47D00DD82DA /* Model.swift in Sources */,
			);
			runOnlyForDeploymentPostprocessing = 0;
		};
/* End PBXSourcesBuildPhase section */

/* Begin XCBuildConfiguration section */
		DFE15D6E2B44174800DD82DA /* Debug */ = {
			isa = XCBuildConfiguration;
			buildSettings = {
				ALWAYS_SEARCH_USER_PATHS = NO;
				ASSETCATALOG_COMPILER_GENERATE_SWIFT_ASSET_SYMBOL_EXTENSIONS = YES;
				CLANG_ANALYZER_NONNULL = YES;
				CLANG_ANALYZER_NUMBER_OBJECT_CONVERSION = YES_AGGRESSIVE;
				CLANG_CXX_LANGUAGE_STANDARD = "gnu++20";
				CLANG_ENABLE_MODULES = YES;
				CLANG_ENABLE_OBJC_ARC = YES;
				CLANG_ENABLE_OBJC_WEAK = YES;
				CLANG_WARN_BLOCK_CAPTURE_AUTORELEASING = YES;
				CLANG_WARN_BOOL_CONVERSION = YES;
				CLANG_WARN_COMMA = YES;
				CLANG_WARN_CONSTANT_CONVERSION = YES;
				CLANG_WARN_DEPRECATED_OBJC_IMPLEMENTATIONS = YES;
				CLANG_WARN_DIRECT_OBJC_ISA_USAGE = YES_ERROR;
				CLANG_WARN_DOCUMENTATION_COMMENTS = YES;
				CLANG_WARN_EMPTY_BODY = YES;
				CLANG_WARN_ENUM_CONVERSION = YES;
				CLANG_WARN_INFINITE_RECURSION = YES;
				CLANG_WARN_INT_CONVERSION = YES;
				CLANG_WARN_NON_LITERAL_NULL_CONVERSION = YES;
				CLANG_WARN_OBJC_IMPLICIT_RETAIN_SELF = YES;
				CLANG_WARN_OBJC_LITERAL_CONVERSION = YES;
				CLANG_WARN_OBJC_ROOT_CLASS = YES_ERROR;
				CLANG_WARN_QUOTED_INCLUDE_IN_FRAMEWORK_HEADER = YES;
				CLANG_WARN_RANGE_LOOP_ANALYSIS = YES;
				CLANG_WARN_STRICT_PROTOTYPES = YES;
				CLANG_WARN_SUSPICIOUS_MOVE = YES;
				CLANG_WARN_UNGUARDED_AVAILABILITY = YES_AGGRESSIVE;
				CLANG_WARN_UNREACHABLE_CODE = YES;
				CLANG_WARN__DUPLICATE_METHOD_MATCH = YES;
				COPY_PHASE_STRIP = NO;
				DEBUG_INFORMATION_FORMAT = dwarf;
				ENABLE_STRICT_OBJC_MSGSEND = YES;
				ENABLE_TESTABILITY = YES;
				ENABLE_USER_SCRIPT_SANDBOXING = YES;
				GCC_C_LANGUAGE_STANDARD = gnu17;
				GCC_DYNAMIC_NO_PIC = NO;
				GCC_NO_COMMON_BLOCKS = YES;
				GCC_OPTIMIZATION_LEVEL = 0;
				GCC_PREPROCESSOR_DEFINITIONS = (
					"DEBUG=1",
					"$(inherited)",
				);
				GCC_WARN_64_TO_32_BIT_CONVERSION = YES;
				GCC_WARN_ABOUT_RETURN_TYPE = YES_ERROR;
				GCC_WARN_UNDECLARED_SELECTOR = YES;
				GCC_WARN_UNINITIALIZED_AUTOS = YES_AGGRESSIVE;
				GCC_WARN_UNUSED_FUNCTION = YES;
				GCC_WARN_UNUSED_VARIABLE = YES;
				IPHONEOS_DEPLOYMENT_TARGET = 17.0;
				LOCALIZATION_PREFERS_STRING_CATALOGS = YES;
				MTL_ENABLE_DEBUG_INFO = INCLUDE_SOURCE;
				MTL_FAST_MATH = YES;
				ONLY_ACTIVE_ARCH = YES;
				SDKROOT = iphoneos;
				SWIFT_ACTIVE_COMPILATION_CONDITIONS = "DEBUG $(inherited)";
				SWIFT_OPTIMIZATION_LEVEL = "-Onone";
			};
			name = Debug;
		};
		DFE15D6F2B44174800DD82DA /* Release */ = {
			isa = XCBuildConfiguration;
			buildSettings = {
				ALWAYS_SEARCH_USER_PATHS = NO;
				ASSETCATALOG_COMPILER_GENERATE_SWIFT_ASSET_SYMBOL_EXTENSIONS = YES;
				CLANG_ANALYZER_NONNULL = YES;
				CLANG_ANALYZER_NUMBER_OBJECT_CONVERSION = YES_AGGRESSIVE;
				CLANG_CXX_LANGUAGE_STANDARD = "gnu++20";
				CLANG_ENABLE_MODULES = YES;
				CLANG_ENABLE_OBJC_ARC = YES;
				CLANG_ENABLE_OBJC_WEAK = YES;
				CLANG_WARN_BLOCK_CAPTURE_AUTORELEASING = YES;
				CLANG_WARN_BOOL_CONVERSION = YES;
				CLANG_WARN_COMMA = YES;
				CLANG_WARN_CONSTANT_CONVERSION = YES;
				CLANG_WARN_DEPRECATED_OBJC_IMPLEMENTATIONS = YES;
				CLANG_WARN_DIRECT_OBJC_ISA_USAGE = YES_ERROR;
				CLANG_WARN_DOCUMENTATION_COMMENTS = YES;
				CLANG_WARN_EMPTY_BODY = YES;
				CLANG_WARN_ENUM_CONVERSION = YES;
				CLANG_WARN_INFINITE_RECURSION = YES;
				CLANG_WARN_INT_CONVERSION = YES;
				CLANG_WARN_NON_LITERAL_NULL_CONVERSION = YES;
				CLANG_WARN_OBJC_IMPLICIT_RETAIN_SELF = YES;
				CLANG_WARN_OBJC_LITERAL_CONVERSION = YES;
				CLANG_WARN_OBJC_ROOT_CLASS = YES_ERROR;
				CLANG_WARN_QUOTED_INCLUDE_IN_FRAMEWORK_HEADER = YES;
				CLANG_WARN_RANGE_LOOP_ANALYSIS = YES;
				CLANG_WARN_STRICT_PROTOTYPES = YES;
				CLANG_WARN_SUSPICIOUS_MOVE = YES;
				CLANG_WARN_UNGUARDED_AVAILABILITY = YES_AGGRESSIVE;
				CLANG_WARN_UNREACHABLE_CODE = YES;
				CLANG_WARN__DUPLICATE_METHOD_MATCH = YES;
				COPY_PHASE_STRIP = NO;
				DEBUG_INFORMATION_FORMAT = "dwarf-with-dsym";
				ENABLE_NS_ASSERTIONS = NO;
				ENABLE_STRICT_OBJC_MSGSEND = YES;
				ENABLE_USER_SCRIPT_SANDBOXING = YES;
				GCC_C_LANGUAGE_STANDARD = gnu17;
				GCC_NO_COMMON_BLOCKS = YES;
				GCC_WARN_64_TO_32_BIT_CONVERSION = YES;
				GCC_WARN_ABOUT_RETURN_TYPE = YES_ERROR;
				GCC_WARN_UNDECLARED_SELECTOR = YES;
				GCC_WARN_UNINITIALIZED_AUTOS = YES_AGGRESSIVE;
				GCC_WARN_UNUSED_FUNCTION = YES;
				GCC_WARN_UNUSED_VARIABLE = YES;
				IPHONEOS_DEPLOYMENT_TARGET = 17.0;
				LOCALIZATION_PREFERS_STRING_CATALOGS = YES;
				MTL_ENABLE_DEBUG_INFO = NO;
				MTL_FAST_MATH = YES;
				SDKROOT = iphoneos;
				SWIFT_COMPILATION_MODE = wholemodule;
				VALIDATE_PRODUCT = YES;
			};
			name = Release;
		};
		DFE15D712B44174800DD82DA /* Debug */ = {
			isa = XCBuildConfiguration;
			buildSettings = {
				ASSETCATALOG_COMPILER_APPICON_NAME = AppIcon;
				ASSETCATALOG_COMPILER_GLOBAL_ACCENT_COLOR_NAME = AccentColor;
				CODE_SIGN_STYLE = Automatic;
				CURRENT_PROJECT_VERSION = 1;
				DEVELOPMENT_ASSET_PATHS = "\"MoodTracker/Preview Content\"";
				DEVELOPMENT_TEAM = Y8TB22J4MM;
				ENABLE_PREVIEWS = YES;
				GENERATE_INFOPLIST_FILE = YES;
				INFOPLIST_KEY_UIApplicationSceneManifest_Generation = YES;
				INFOPLIST_KEY_UIApplicationSupportsIndirectInputEvents = YES;
				INFOPLIST_KEY_UILaunchScreen_Generation = YES;
				INFOPLIST_KEY_UISupportedInterfaceOrientations_iPad = "UIInterfaceOrientationPortrait UIInterfaceOrientationPortraitUpsideDown UIInterfaceOrientationLandscapeLeft UIInterfaceOrientationLandscapeRight";
				INFOPLIST_KEY_UISupportedInterfaceOrientations_iPhone = "UIInterfaceOrientationPortrait UIInterfaceOrientationLandscapeLeft UIInterfaceOrientationLandscapeRight";
				LD_RUNPATH_SEARCH_PATHS = (
					"$(inherited)",
					"@executable_path/Frameworks",
				);
				MARKETING_VERSION = 1.0;
				PRODUCT_BUNDLE_IDENTIFIER = com.hakanaykut.MoodTracker;
				PRODUCT_NAME = "$(TARGET_NAME)";
				SWIFT_EMIT_LOC_STRINGS = YES;
				SWIFT_VERSION = 5.0;
				TARGETED_DEVICE_FAMILY = "1,2";
			};
			name = Debug;
		};
		DFE15D722B44174800DD82DA /* Release */ = {
			isa = XCBuildConfiguration;
			buildSettings = {
				ASSETCATALOG_COMPILER_APPICON_NAME = AppIcon;
				ASSETCATALOG_COMPILER_GLOBAL_ACCENT_COLOR_NAME = AccentColor;
				CODE_SIGN_STYLE = Automatic;
				CURRENT_PROJECT_VERSION = 1;
				DEVELOPMENT_ASSET_PATHS = "\"MoodTracker/Preview Content\"";
				DEVELOPMENT_TEAM = Y8TB22J4MM;
				ENABLE_PREVIEWS = YES;
				GENERATE_INFOPLIST_FILE = YES;
				INFOPLIST_KEY_UIApplicationSceneManifest_Generation = YES;
				INFOPLIST_KEY_UIApplicationSupportsIndirectInputEvents = YES;
				INFOPLIST_KEY_UILaunchScreen_Generation = YES;
				INFOPLIST_KEY_UISupportedInterfaceOrientations_iPad = "UIInterfaceOrientationPortrait UIInterfaceOrientationPortraitUpsideDown UIInterfaceOrientationLandscapeLeft UIInterfaceOrientationLandscapeRight";
				INFOPLIST_KEY_UISupportedInterfaceOrientations_iPhone = "UIInterfaceOrientationPortrait UIInterfaceOrientationLandscapeLeft UIInterfaceOrientationLandscapeRight";
				LD_RUNPATH_SEARCH_PATHS = (
					"$(inherited)",
					"@executable_path/Frameworks",
				);
				MARKETING_VERSION = 1.0;
				PRODUCT_BUNDLE_IDENTIFIER = com.hakanaykut.MoodTracker;
				PRODUCT_NAME = "$(TARGET_NAME)";
				SWIFT_EMIT_LOC_STRINGS = YES;
				SWIFT_VERSION = 5.0;
				TARGETED_DEVICE_FAMILY = "1,2";
			};
			name = Release;
		};
/* End XCBuildConfiguration section */

/* Begin XCConfigurationList section */
		DFE15D5D2B44174600DD82DA /* Build configuration list for PBXProject "MoodTracker" */ = {
			isa = XCConfigurationList;
			buildConfigurations = (
				DFE15D6E2B44174800DD82DA /* Debug */,
				DFE15D6F2B44174800DD82DA /* Release */,
			);
			defaultConfigurationIsVisible = 0;
			defaultConfigurationName = Release;
		};
		DFE15D702B44174800DD82DA /* Build configuration list for PBXNativeTarget "MoodTracker" */ = {
			isa = XCConfigurationList;
			buildConfigurations = (
				DFE15D712B44174800DD82DA /* Debug */,
				DFE15D722B44174800DD82DA /* Release */,
			);
			defaultConfigurationIsVisible = 0;
			defaultConfigurationName = Release;
		};
/* End XCConfigurationList section */

/* Begin XCVersionGroup section */
		DFE15D732B44177500DD82DA /* MoodTracker.xcdatamodeld */ = {
			isa = XCVersionGroup;
			children = (
				DFE15D742B44177500DD82DA /* MoodTracker.xcdatamodel */,
			);
			currentVersion = DFE15D742B44177500DD82DA /* MoodTracker.xcdatamodel */;
			path = MoodTracker.xcdatamodeld;
			sourceTree = "<group>";
			versionGroupType = wrapper.xcdatamodel;
		};
/* End XCVersionGroup section */
	};
	rootObject = DFE15D5A2B44174600DD82DA /* Project object */;
}
